
Microsoft Visual Studio Solution File, Format Version 12.00
# Visual Studio Version 17
VisualStudioVersion = 17.11.35327.3
MinimumVisualStudioVersion = 10.0.40219.1
Project("{FAE04EC0-301F-11D3-BF4B-00C04F79EFBC}") = "WEB_GYM_CHINH", "WEB_GYM_CHINH\WEB_GYM_CHINH.csproj", "{0D1D82BC-7507-44C9-A768-03D6BA903967}"
EndProject
Global
	GlobalSection(SolutionConfigurationPlatforms) = preSolution
		Debug|Any CPU = Debug|Any CPU
		Release|Any CPU = Release|Any CPU
	EndGlobalSection
	GlobalSection(ProjectConfigurationPlatforms) = postSolution
		{0D1D82BC-7507-44C9-A768-03D6BA903967}.Debug|Any CPU.ActiveCfg = Debug|Any CPU
		{0D1D82BC-7507-44C9-A768-03D6BA903967}.Debug|Any CPU.Build.0 = Debug|Any CPU
		{0D1D82BC-7507-44C9-A768-03D6BA903967}.Release|Any CPU.ActiveCfg = Release|Any CPU
		{0D1D82BC-7507-44C9-A768-03D6BA903967}.Release|Any CPU.Build.0 = Release|Any CPU
	EndGlobalSection
	GlobalSection(SolutionProperties) = preSolution
		HideSolutionNode = FALSE
	EndGlobalSection
	GlobalSection(ExtensibilityGlobals) = postSolution
		SolutionGuid = {D168B62D-5A0C-4D74-8392-635027DECBB3}
	EndGlobalSection
EndGlobal
